// !$*UTF8*$!
{
	archiveVersion = 1;
	classes = {
	};
	objectVersion = 46;
	objects = {

/* Begin PBXBuildFile section */
		3A3B62761D5AE6DC00B0E0E4 /* AppDelegate.swift in Sources */ = {isa = PBXBuildFile; fileRef = 3A3B62751D5AE6DC00B0E0E4 /* AppDelegate.swift */; };
		3A3B62781D5AE6DC00B0E0E4 /* ViewController.swift in Sources */ = {isa = PBXBuildFile; fileRef = 3A3B62771D5AE6DC00B0E0E4 /* ViewController.swift */; };
		3A3B627D1D5AE6DC00B0E0E4 /* Assets.xcassets in Resources */ = {isa = PBXBuildFile; fileRef = 3A3B627C1D5AE6DC00B0E0E4 /* Assets.xcassets */; };
		3A3B62801D5AE6DC00B0E0E4 /* LaunchScreen.storyboard in Resources */ = {isa = PBXBuildFile; fileRef = 3A3B627E1D5AE6DC00B0E0E4 /* LaunchScreen.storyboard */; };
		3A3B62A31D5AE78200B0E0E4 /* FormNinja_ValidationTests.swift in Sources */ = {isa = PBXBuildFile; fileRef = 3A3B62A21D5AE78200B0E0E4 /* FormNinja_ValidationTests.swift */; };
		3A3B62DF1D5B08D200B0E0E4 /* FormView.swift in Sources */ = {isa = PBXBuildFile; fileRef = 3A3B62D81D5B08D200B0E0E4 /* FormView.swift */; };
		3A3B62E01D5B08D200B0E0E4 /* FieldType.swift in Sources */ = {isa = PBXBuildFile; fileRef = 3A3B62DA1D5B08D200B0E0E4 /* FieldType.swift */; };
		3A3B62E11D5B08D200B0E0E4 /* Validator.swift in Sources */ = {isa = PBXBuildFile; fileRef = 3A3B62DB1D5B08D200B0E0E4 /* Validator.swift */; };
		3A3B62E21D5B08D200B0E0E4 /* FormFieldCell.swift in Sources */ = {isa = PBXBuildFile; fileRef = 3A3B62DD1D5B08D200B0E0E4 /* FormFieldCell.swift */; };
		3A3B62E31D5B08D200B0E0E4 /* FormTextField.swift in Sources */ = {isa = PBXBuildFile; fileRef = 3A3B62DE1D5B08D200B0E0E4 /* FormTextField.swift */; };
		3A3B62E41D5B08DB00B0E0E4 /* FieldType.swift in Sources */ = {isa = PBXBuildFile; fileRef = 3A3B62DA1D5B08D200B0E0E4 /* FieldType.swift */; };
		3A3B62E51D5B08DB00B0E0E4 /* Validator.swift in Sources */ = {isa = PBXBuildFile; fileRef = 3A3B62DB1D5B08D200B0E0E4 /* Validator.swift */; };
/* End PBXBuildFile section */

/* Begin PBXContainerItemProxy section */
		3A3B62A51D5AE78200B0E0E4 /* PBXContainerItemProxy */ = {
			isa = PBXContainerItemProxy;
			containerPortal = 3A3B626A1D5AE6DC00B0E0E4 /* Project object */;
			proxyType = 1;
			remoteGlobalIDString = 3A3B62711D5AE6DC00B0E0E4;
			remoteInfo = "FormNinja-Demo";
		};
/* End PBXContainerItemProxy section */

/* Begin PBXFileReference section */
		3A3B62721D5AE6DC00B0E0E4 /* FormNinja-Demo.app */ = {isa = PBXFileReference; explicitFileType = wrapper.application; includeInIndex = 0; path = "FormNinja-Demo.app"; sourceTree = BUILT_PRODUCTS_DIR; };
		3A3B62751D5AE6DC00B0E0E4 /* AppDelegate.swift */ = {isa = PBXFileReference; lastKnownFileType = sourcecode.swift; path = AppDelegate.swift; sourceTree = "<group>"; };
		3A3B62771D5AE6DC00B0E0E4 /* ViewController.swift */ = {isa = PBXFileReference; lastKnownFileType = sourcecode.swift; path = ViewController.swift; sourceTree = "<group>"; };
		3A3B627C1D5AE6DC00B0E0E4 /* Assets.xcassets */ = {isa = PBXFileReference; lastKnownFileType = folder.assetcatalog; path = Assets.xcassets; sourceTree = "<group>"; };
		3A3B627F1D5AE6DC00B0E0E4 /* Base */ = {isa = PBXFileReference; lastKnownFileType = file.storyboard; name = Base; path = Base.lproj/LaunchScreen.storyboard; sourceTree = "<group>"; };
		3A3B62811D5AE6DC00B0E0E4 /* Info.plist */ = {isa = PBXFileReference; lastKnownFileType = text.plist.xml; path = Info.plist; sourceTree = "<group>"; };
		3A3B62A01D5AE78200B0E0E4 /* FormNinja-ValidationTests.xctest */ = {isa = PBXFileReference; explicitFileType = wrapper.cfbundle; includeInIndex = 0; path = "FormNinja-ValidationTests.xctest"; sourceTree = BUILT_PRODUCTS_DIR; };
		3A3B62A21D5AE78200B0E0E4 /* FormNinja_ValidationTests.swift */ = {isa = PBXFileReference; lastKnownFileType = sourcecode.swift; path = FormNinja_ValidationTests.swift; sourceTree = "<group>"; };
		3A3B62A41D5AE78200B0E0E4 /* Info.plist */ = {isa = PBXFileReference; lastKnownFileType = text.plist.xml; path = Info.plist; sourceTree = "<group>"; };
		3A3B62D81D5B08D200B0E0E4 /* FormView.swift */ = {isa = PBXFileReference; fileEncoding = 4; lastKnownFileType = sourcecode.swift; path = FormView.swift; sourceTree = "<group>"; };
		3A3B62DA1D5B08D200B0E0E4 /* FieldType.swift */ = {isa = PBXFileReference; fileEncoding = 4; lastKnownFileType = sourcecode.swift; path = FieldType.swift; sourceTree = "<group>"; };
		3A3B62DB1D5B08D200B0E0E4 /* Validator.swift */ = {isa = PBXFileReference; fileEncoding = 4; lastKnownFileType = sourcecode.swift; path = Validator.swift; sourceTree = "<group>"; };
		3A3B62DD1D5B08D200B0E0E4 /* FormFieldCell.swift */ = {isa = PBXFileReference; fileEncoding = 4; lastKnownFileType = sourcecode.swift; path = FormFieldCell.swift; sourceTree = "<group>"; };
		3A3B62DE1D5B08D200B0E0E4 /* FormTextField.swift */ = {isa = PBXFileReference; fileEncoding = 4; lastKnownFileType = sourcecode.swift; path = FormTextField.swift; sourceTree = "<group>"; };
/* End PBXFileReference section */

/* Begin PBXFrameworksBuildPhase section */
		3A3B626F1D5AE6DC00B0E0E4 /* Frameworks */ = {
			isa = PBXFrameworksBuildPhase;
			buildActionMask = 2147483647;
			files = (
			);
			runOnlyForDeploymentPostprocessing = 0;
		};
		3A3B629D1D5AE78200B0E0E4 /* Frameworks */ = {
			isa = PBXFrameworksBuildPhase;
			buildActionMask = 2147483647;
			files = (
			);
			runOnlyForDeploymentPostprocessing = 0;
		};
/* End PBXFrameworksBuildPhase section */

/* Begin PBXGroup section */
		3A3B62691D5AE6DC00B0E0E4 = {
			isa = PBXGroup;
			children = (
				3A3B62D71D5B08D200B0E0E4 /* Source */,
				3A3B62741D5AE6DC00B0E0E4 /* FormNinja-Demo */,
				3A3B62A11D5AE78200B0E0E4 /* FormNinja-ValidationTests */,
				3A3B62731D5AE6DC00B0E0E4 /* Products */,
			);
			sourceTree = "<group>";
		};
		3A3B62731D5AE6DC00B0E0E4 /* Products */ = {
			isa = PBXGroup;
			children = (
				3A3B62721D5AE6DC00B0E0E4 /* FormNinja-Demo.app */,
				3A3B62A01D5AE78200B0E0E4 /* FormNinja-ValidationTests.xctest */,
			);
			name = Products;
			sourceTree = "<group>";
		};
		3A3B62741D5AE6DC00B0E0E4 /* FormNinja-Demo */ = {
			isa = PBXGroup;
			children = (
				3A3B62751D5AE6DC00B0E0E4 /* AppDelegate.swift */,
				3A3B62771D5AE6DC00B0E0E4 /* ViewController.swift */,
				3A3B62D51D5B04E800B0E0E4 /* Supporting Files */,
			);
			path = "FormNinja-Demo";
			sourceTree = "<group>";
		};
		3A3B62A11D5AE78200B0E0E4 /* FormNinja-ValidationTests */ = {
			isa = PBXGroup;
			children = (
				3A3B62A21D5AE78200B0E0E4 /* FormNinja_ValidationTests.swift */,
				3A3B62A41D5AE78200B0E0E4 /* Info.plist */,
			);
			path = "FormNinja-ValidationTests";
			sourceTree = "<group>";
		};
		3A3B62D51D5B04E800B0E0E4 /* Supporting Files */ = {
			isa = PBXGroup;
			children = (
				3A3B627C1D5AE6DC00B0E0E4 /* Assets.xcassets */,
				3A3B627E1D5AE6DC00B0E0E4 /* LaunchScreen.storyboard */,
				3A3B62811D5AE6DC00B0E0E4 /* Info.plist */,
			);
			name = "Supporting Files";
			sourceTree = "<group>";
		};
		3A3B62D71D5B08D200B0E0E4 /* Source */ = {
			isa = PBXGroup;
			children = (
				3A3B62D81D5B08D200B0E0E4 /* FormView.swift */,
				3A3B62D91D5B08D200B0E0E4 /* Validator */,
				3A3B62DC1D5B08D200B0E0E4 /* Views */,
			);
			name = Source;
			path = ../../Source;
			sourceTree = "<group>";
		};
		3A3B62D91D5B08D200B0E0E4 /* Validator */ = {
			isa = PBXGroup;
			children = (
				3A3B62DA1D5B08D200B0E0E4 /* FieldType.swift */,
				3A3B62DB1D5B08D200B0E0E4 /* Validator.swift */,
			);
			path = Validator;
			sourceTree = "<group>";
		};
		3A3B62DC1D5B08D200B0E0E4 /* Views */ = {
			isa = PBXGroup;
			children = (
				3A3B62DD1D5B08D200B0E0E4 /* FormFieldCell.swift */,
				3A3B62DE1D5B08D200B0E0E4 /* FormTextField.swift */,
			);
			path = Views;
			sourceTree = "<group>";
		};
/* End PBXGroup section */

/* Begin PBXNativeTarget section */
		3A3B62711D5AE6DC00B0E0E4 /* FormNinja-Demo */ = {
			isa = PBXNativeTarget;
			buildConfigurationList = 3A3B62841D5AE6DC00B0E0E4 /* Build configuration list for PBXNativeTarget "FormNinja-Demo" */;
			buildPhases = (
				3A3B626E1D5AE6DC00B0E0E4 /* Sources */,
				3A3B626F1D5AE6DC00B0E0E4 /* Frameworks */,
				3A3B62701D5AE6DC00B0E0E4 /* Resources */,
			);
			buildRules = (
			);
			dependencies = (
			);
			name = "FormNinja-Demo";
			productName = "FormNinja-Demo";
			productReference = 3A3B62721D5AE6DC00B0E0E4 /* FormNinja-Demo.app */;
			productType = "com.apple.product-type.application";
		};
		3A3B629F1D5AE78200B0E0E4 /* FormNinja-ValidationTests */ = {
			isa = PBXNativeTarget;
			buildConfigurationList = 3A3B62A91D5AE78200B0E0E4 /* Build configuration list for PBXNativeTarget "FormNinja-ValidationTests" */;
			buildPhases = (
				3A3B629C1D5AE78200B0E0E4 /* Sources */,
				3A3B629D1D5AE78200B0E0E4 /* Frameworks */,
				3A3B629E1D5AE78200B0E0E4 /* Resources */,
			);
			buildRules = (
			);
			dependencies = (
				3A3B62A61D5AE78200B0E0E4 /* PBXTargetDependency */,
			);
			name = "FormNinja-ValidationTests";
			productName = "FormNinja-ValidationTests";
			productReference = 3A3B62A01D5AE78200B0E0E4 /* FormNinja-ValidationTests.xctest */;
			productType = "com.apple.product-type.bundle.unit-test";
		};
/* End PBXNativeTarget section */

/* Begin PBXProject section */
		3A3B626A1D5AE6DC00B0E0E4 /* Project object */ = {
			isa = PBXProject;
			attributes = {
				LastSwiftUpdateCheck = 0730;
				LastUpgradeCheck = 0730;
				ORGANIZATIONNAME = "Anton Doudarev";
				TargetAttributes = {
					3A3B62711D5AE6DC00B0E0E4 = {
						CreatedOnToolsVersion = 7.3.1;
					};
					3A3B629F1D5AE78200B0E0E4 = {
						CreatedOnToolsVersion = 7.3.1;
						TestTargetID = 3A3B62711D5AE6DC00B0E0E4;
					};
				};
			};
			buildConfigurationList = 3A3B626D1D5AE6DC00B0E0E4 /* Build configuration list for PBXProject "FormNinja-Demo" */;
			compatibilityVersion = "Xcode 3.2";
			developmentRegion = English;
			hasScannedForEncodings = 0;
			knownRegions = (
				en,
				Base,
			);
			mainGroup = 3A3B62691D5AE6DC00B0E0E4;
			productRefGroup = 3A3B62731D5AE6DC00B0E0E4 /* Products */;
			projectDirPath = "";
			projectRoot = "";
			targets = (
				3A3B62711D5AE6DC00B0E0E4 /* FormNinja-Demo */,
				3A3B629F1D5AE78200B0E0E4 /* FormNinja-ValidationTests */,
			);
		};
/* End PBXProject section */

/* Begin PBXResourcesBuildPhase section */
		3A3B62701D5AE6DC00B0E0E4 /* Resources */ = {
			isa = PBXResourcesBuildPhase;
			buildActionMask = 2147483647;
			files = (
				3A3B62801D5AE6DC00B0E0E4 /* LaunchScreen.storyboard in Resources */,
				3A3B627D1D5AE6DC00B0E0E4 /* Assets.xcassets in Resources */,
			);
			runOnlyForDeploymentPostprocessing = 0;
		};
		3A3B629E1D5AE78200B0E0E4 /* Resources */ = {
			isa = PBXResourcesBuildPhase;
			buildActionMask = 2147483647;
			files = (
			);
			runOnlyForDeploymentPostprocessing = 0;
		};
/* End PBXResourcesBuildPhase section */

/* Begin PBXSourcesBuildPhase section */
		3A3B626E1D5AE6DC00B0E0E4 /* Sources */ = {
			isa = PBXSourcesBuildPhase;
			buildActionMask = 2147483647;
			files = (
				3A3B62E01D5B08D200B0E0E4 /* FieldType.swift in Sources */,
				3A3B62DF1D5B08D200B0E0E4 /* FormView.swift in Sources */,
				3A3B62E21D5B08D200B0E0E4 /* FormFieldCell.swift in Sources */,
				3A3B62E31D5B08D200B0E0E4 /* FormTextField.swift in Sources */,
				3A3B62E11D5B08D200B0E0E4 /* Validator.swift in Sources */,
				3A3B62781D5AE6DC00B0E0E4 /* ViewController.swift in Sources */,
				3A3B62761D5AE6DC00B0E0E4 /* AppDelegate.swift in Sources */,
			);
			runOnlyForDeploymentPostprocessing = 0;
		};
		3A3B629C1D5AE78200B0E0E4 /* Sources */ = {
			isa = PBXSourcesBuildPhase;
			buildActionMask = 2147483647;
			files = (
				3A3B62E41D5B08DB00B0E0E4 /* FieldType.swift in Sources */,
				3A3B62E51D5B08DB00B0E0E4 /* Validator.swift in Sources */,
				3A3B62A31D5AE78200B0E0E4 /* FormNinja_ValidationTests.swift in Sources */,
			);
			runOnlyForDeploymentPostprocessing = 0;
		};
/* End PBXSourcesBuildPhase section */

/* Begin PBXTargetDependency section */
		3A3B62A61D5AE78200B0E0E4 /* PBXTargetDependency */ = {
			isa = PBXTargetDependency;
			target = 3A3B62711D5AE6DC00B0E0E4 /* FormNinja-Demo */;
			targetProxy = 3A3B62A51D5AE78200B0E0E4 /* PBXContainerItemProxy */;
		};
/* End PBXTargetDependency section */

/* Begin PBXVariantGroup section */
		3A3B627E1D5AE6DC00B0E0E4 /* LaunchScreen.storyboard */ = {
			isa = PBXVariantGroup;
			children = (
				3A3B627F1D5AE6DC00B0E0E4 /* Base */,
			);
			name = LaunchScreen.storyboard;
			sourceTree = "<group>";
		};
/* End PBXVariantGroup section */

/* Begin XCBuildConfiguration section */
		3A3B62821D5AE6DC00B0E0E4 /* Debug */ = {
			isa = XCBuildConfiguration;
			buildSettings = {
				ALWAYS_SEARCH_USER_PATHS = NO;
				CLANG_ANALYZER_NONNULL = YES;
				CLANG_CXX_LANGUAGE_STANDARD = "gnu++0x";
				CLANG_CXX_LIBRARY = "libc++";
				CLANG_ENABLE_MODULES = YES;
				CLANG_ENABLE_OBJC_ARC = YES;
				CLANG_WARN_BOOL_CONVERSION = YES;
				CLANG_WARN_CONSTANT_CONVERSION = YES;
				CLANG_WARN_DIRECT_OBJC_ISA_USAGE = YES_ERROR;
				CLANG_WARN_EMPTY_BODY = YES;
				CLANG_WARN_ENUM_CONVERSION = YES;
				CLANG_WARN_INT_CONVERSION = YES;
				CLANG_WARN_OBJC_ROOT_CLASS = YES_ERROR;
				CLANG_WARN_UNREACHABLE_CODE = YES;
				CLANG_WARN__DUPLICATE_METHOD_MATCH = YES;
				"CODE_SIGN_IDENTITY[sdk=iphoneos*]" = "iPhone Developer";
				COPY_PHASE_STRIP = NO;
				DEBUG_INFORMATION_FORMAT = dwarf;
				ENABLE_STRICT_OBJC_MSGSEND = YES;
				ENABLE_TESTABILITY = YES;
				GCC_C_LANGUAGE_STANDARD = gnu99;
				GCC_DYNAMIC_NO_PIC = NO;
				GCC_NO_COMMON_BLOCKS = YES;
				GCC_OPTIMIZATION_LEVEL = 0;
				GCC_PREPROCESSOR_DEFINITIONS = (
					"DEBUG=1",
					"$(inherited)",
				);
				GCC_WARN_64_TO_32_BIT_CONVERSION = YES;
				GCC_WARN_ABOUT_RETURN_TYPE = YES_ERROR;
				GCC_WARN_UNDECLARED_SELECTOR = YES;
				GCC_WARN_UNINITIALIZED_AUTOS = YES_AGGRESSIVE;
				GCC_WARN_UNUSED_FUNCTION = YES;
				GCC_WARN_UNUSED_VARIABLE = YES;
				IPHONEOS_DEPLOYMENT_TARGET = 9.3;
				MTL_ENABLE_DEBUG_INFO = YES;
				ONLY_ACTIVE_ARCH = YES;
				SDKROOT = iphoneos;
				SWIFT_OPTIMIZATION_LEVEL = "-Onone";
			};
			name = Debug;
		};
		3A3B62831D5AE6DC00B0E0E4 /* Release */ = {
			isa = XCBuildConfiguration;
			buildSettings = {
				ALWAYS_SEARCH_USER_PATHS = NO;
				CLANG_ANALYZER_NONNULL = YES;
				CLANG_CXX_LANGUAGE_STANDARD = "gnu++0x";
				CLANG_CXX_LIBRARY = "libc++";
				CLANG_ENABLE_MODULES = YES;
				CLANG_ENABLE_OBJC_ARC = YES;
				CLANG_WARN_BOOL_CONVERSION = YES;
				CLANG_WARN_CONSTANT_CONVERSION = YES;
				CLANG_WARN_DIRECT_OBJC_ISA_USAGE = YES_ERROR;
				CLANG_WARN_EMPTY_BODY = YES;
				CLANG_WARN_ENUM_CONVERSION = YES;
				CLANG_WARN_INT_CONVERSION = YES;
				CLANG_WARN_OBJC_ROOT_CLASS = YES_ERROR;
				CLANG_WARN_UNREACHABLE_CODE = YES;
				CLANG_WARN__DUPLICATE_METHOD_MATCH = YES;
				"CODE_SIGN_IDENTITY[sdk=iphoneos*]" = "iPhone Developer";
				COPY_PHASE_STRIP = NO;
				DEBUG_INFORMATION_FORMAT = "dwarf-with-dsym";
				ENABLE_NS_ASSERTIONS = NO;
				ENABLE_STRICT_OBJC_MSGSEND = YES;
				GCC_C_LANGUAGE_STANDARD = gnu99;
				GCC_NO_COMMON_BLOCKS = YES;
				GCC_WARN_64_TO_32_BIT_CONVERSION = YES;
				GCC_WARN_ABOUT_RETURN_TYPE = YES_ERROR;
				GCC_WARN_UNDECLARED_SELECTOR = YES;
				GCC_WARN_UNINITIALIZED_AUTOS = YES_AGGRESSIVE;
				GCC_WARN_UNUSED_FUNCTION = YES;
				GCC_WARN_UNUSED_VARIABLE = YES;
				IPHONEOS_DEPLOYMENT_TARGET = 9.3;
				MTL_ENABLE_DEBUG_INFO = NO;
				SDKROOT = iphoneos;
				VALIDATE_PRODUCT = YES;
			};
			name = Release;
		};
		3A3B62851D5AE6DC00B0E0E4 /* Debug */ = {
			isa = XCBuildConfiguration;
			buildSettings = {
				ASSETCATALOG_COMPILER_APPICON_NAME = AppIcon;
				INFOPLIST_FILE = "FormNinja-Demo/Info.plist";
				LD_RUNPATH_SEARCH_PATHS = "$(inherited) @executable_path/Frameworks";
				PRODUCT_BUNDLE_IDENTIFIER = "com.iagd.formninja-ios.FormNinja-Demo";
				PRODUCT_NAME = "$(TARGET_NAME)";
			};
			name = Debug;
		};
		3A3B62861D5AE6DC00B0E0E4 /* Release */ = {
			isa = XCBuildConfiguration;
			buildSettings = {
				ASSETCATALOG_COMPILER_APPICON_NAME = AppIcon;
				INFOPLIST_FILE = "FormNinja-Demo/Info.plist";
				LD_RUNPATH_SEARCH_PATHS = "$(inherited) @executable_path/Frameworks";
				PRODUCT_BUNDLE_IDENTIFIER = "com.iagd.formninja-ios.FormNinja-Demo";
				PRODUCT_NAME = "$(TARGET_NAME)";
			};
			name = Release;
		};
		3A3B62A71D5AE78200B0E0E4 /* Debug */ = {
			isa = XCBuildConfiguration;
			buildSettings = {
				BUNDLE_LOADER = "$(TEST_HOST)";
				INFOPLIST_FILE = "FormNinja-ValidationTests/Info.plist";
				LD_RUNPATH_SEARCH_PATHS = "$(inherited) @executable_path/Frameworks @loader_path/Frameworks";
				PRODUCT_BUNDLE_IDENTIFIER = "com.iagd.formninja-ios.FormNinja-ValidationTests";
				PRODUCT_NAME = "$(TARGET_NAME)";
				TEST_HOST = "$(BUILT_PRODUCTS_DIR)/FormNinja-Demo.app/FormNinja-Demo";
			};
			name = Debug;
		};
		3A3B62A81D5AE78200B0E0E4 /* Release */ = {
			isa = XCBuildConfiguration;
			buildSettings = {
				BUNDLE_LOADER = "$(TEST_HOST)";
				INFOPLIST_FILE = "FormNinja-ValidationTests/Info.plist";
				LD_RUNPATH_SEARCH_PATHS = "$(inherited) @executable_path/Frameworks @loader_path/Frameworks";
				PRODUCT_BUNDLE_IDENTIFIER = "com.iagd.formninja-ios.FormNinja-ValidationTests";
				PRODUCT_NAME = "$(TARGET_NAME)";
				TEST_HOST = "$(BUILT_PRODUCTS_DIR)/FormNinja-Demo.app/FormNinja-Demo";
			};
			name = Release;
		};
/* End XCBuildConfiguration section */

/* Begin XCConfigurationList section */
		3A3B626D1D5AE6DC00B0E0E4 /* Build configuration list for PBXProject "FormNinja-Demo" */ = {
			isa = XCConfigurationList;
			buildConfigurations = (
				3A3B62821D5AE6DC00B0E0E4 /* Debug */,
				3A3B62831D5AE6DC00B0E0E4 /* Release */,
			);
			defaultConfigurationIsVisible = 0;
			defaultConfigurationName = Release;
		};
		3A3B62841D5AE6DC00B0E0E4 /* Build configuration list for PBXNativeTarget "FormNinja-Demo" */ = {
			isa = XCConfigurationList;
			buildConfigurations = (
				3A3B62851D5AE6DC00B0E0E4 /* Debug */,
				3A3B62861D5AE6DC00B0E0E4 /* Release */,
			);
			defaultConfigurationIsVisible = 0;
			defaultConfigurationName = Release;
		};
		3A3B62A91D5AE78200B0E0E4 /* Build configuration list for PBXNativeTarget "FormNinja-ValidationTests" */ = {
			isa = XCConfigurationList;
			buildConfigurations = (
				3A3B62A71D5AE78200B0E0E4 /* Debug */,
				3A3B62A81D5AE78200B0E0E4 /* Release */,
			);
			defaultConfigurationIsVisible = 0;
		};
/* End XCConfigurationList section */
	};
	rootObject = 3A3B626A1D5AE6DC00B0E0E4 /* Project object */;
}
